
Microsoft Visual Studio Solution File, Format Version 12.00
# Visual Studio Version 17
VisualStudioVersion = 17.5.33414.496
MinimumVisualStudioVersion = 10.0.40219.1
Project("{FAE04EC0-301F-11D3-BF4B-00C04F79EFBC}") = "APIEXAMEN", "APIEXAMEN\APIEXAMEN.csproj", "{A50C3AD7-533D-413F-BFAE-E28F12C7AFBA}"
EndProject
Global
	GlobalSection(SolutionConfigurationPlatforms) = preSolution
		Debug|Any CPU = Debug|Any CPU
		Release|Any CPU = Release|Any CPU
	EndGlobalSection
	GlobalSection(ProjectConfigurationPlatforms) = postSolution
		{A50C3AD7-533D-413F-BFAE-E28F12C7AFBA}.Debug|Any CPU.ActiveCfg = Debug|Any CPU
		{A50C3AD7-533D-413F-BFAE-E28F12C7AFBA}.Debug|Any CPU.Build.0 = Debug|Any CPU
		{A50C3AD7-533D-413F-BFAE-E28F12C7AFBA}.Release|Any CPU.ActiveCfg = Release|Any CPU
		{A50C3AD7-533D-413F-BFAE-E28F12C7AFBA}.Release|Any CPU.Build.0 = Release|Any CPU
	EndGlobalSection
	GlobalSection(SolutionProperties) = preSolution
		HideSolutionNode = FALSE
	EndGlobalSection
	GlobalSection(ExtensibilityGlobals) = postSolution
		SolutionGuid = {55757A0E-0A50-467C-84F7-54BAF5C82724}
	EndGlobalSection
EndGlobal
